
Microsoft Visual Studio Solution File, Format Version 12.00
# Visual Studio 2013
VisualStudioVersion = 12.0.21005.1
MinimumVisualStudioVersion = 10.0.40219.1
Project("{8BC9CEB8-8B4A-11D0-8D11-00A0C91BC942}") = "DSIFT_CUDA", "DSIFT_CUDA\DSIFT_CUDA.vcxproj", "{CE31EAFB-ECA6-4CB2-B8E5-82C34DE9B944}"
EndProject
Global
	GlobalSection(SolutionConfigurationPlatforms) = preSolution
		Debug|Win32 = Debug|Win32
		Debug|x64 = Debug|x64
		Release|Win32 = Release|Win32
		Release|x64 = Release|x64
	EndGlobalSection
	GlobalSection(ProjectConfigurationPlatforms) = postSolution
		{CE31EAFB-ECA6-4CB2-B8E5-82C34DE9B944}.Debug|Win32.ActiveCfg = Debug|Win32
		{CE31EAFB-ECA6-4CB2-B8E5-82C34DE9B944}.Debug|Win32.Build.0 = Debug|Win32
		{CE31EAFB-ECA6-4CB2-B8E5-82C34DE9B944}.Debug|x64.ActiveCfg = Debug|x64
		{CE31EAFB-ECA6-4CB2-B8E5-82C34DE9B944}.Debug|x64.Build.0 = Debug|x64
		{CE31EAFB-ECA6-4CB2-B8E5-82C34DE9B944}.Release|Win32.ActiveCfg = Release|Win32
		{CE31EAFB-ECA6-4CB2-B8E5-82C34DE9B944}.Release|Win32.Build.0 = Release|Win32
		{CE31EAFB-ECA6-4CB2-B8E5-82C34DE9B944}.Release|x64.ActiveCfg = Release|x64
		{CE31EAFB-ECA6-4CB2-B8E5-82C34DE9B944}.Release|x64.Build.0 = Release|x64
	EndGlobalSection
	GlobalSection(SolutionProperties) = preSolution
		HideSolutionNode = FALSE
	EndGlobalSection
EndGlobal
